// !$*UTF8*$!
{
	archiveVersion = 1;
	classes = {
	};
	objectVersion = 46;
	objects = {

/* Begin PBXBuildFile section */
		3A5F98D40A4ADF1818181698 /* Pods_Wooower.framework in Frameworks */ = {isa = PBXBuildFile; fileRef = 2D5C8AAB5FD6D108A31AC635 /* Pods_Wooower.framework */; };
		F52A50A61EEA90CF00B4BA1C /* Comment.swift in Sources */ = {isa = PBXBuildFile; fileRef = F52A50A51EEA90CF00B4BA1C /* Comment.swift */; };
		F52A50A81EEA916C00B4BA1C /* CommentsTableViewCell.swift in Sources */ = {isa = PBXBuildFile; fileRef = F52A50A71EEA916C00B4BA1C /* CommentsTableViewCell.swift */; };
		F52A50AA1EEA94B700B4BA1C /* ConfigActivityView.swift in Sources */ = {isa = PBXBuildFile; fileRef = F52A50A91EEA94B700B4BA1C /* ConfigActivityView.swift */; };
		F52A50AC1EEAA10800B4BA1C /* ConfigCommentView.swift in Sources */ = {isa = PBXBuildFile; fileRef = F52A50AB1EEAA10800B4BA1C /* ConfigCommentView.swift */; };
		F530B5001EF290210025D8BB /* LogInAndAddToData.swift in Sources */ = {isa = PBXBuildFile; fileRef = F530B4FF1EF290210025D8BB /* LogInAndAddToData.swift */; };
		F530D6081F0F937700C1E2B6 /* LocationManager.swift in Sources */ = {isa = PBXBuildFile; fileRef = F530D6071F0F937700C1E2B6 /* LocationManager.swift */; };
		F530DD801EDEE81700A4E235 /* AppDelegate.swift in Sources */ = {isa = PBXBuildFile; fileRef = F530DD7F1EDEE81700A4E235 /* AppDelegate.swift */; };
		F530DD821EDEE81700A4E235 /* MasterViewController.swift in Sources */ = {isa = PBXBuildFile; fileRef = F530DD811EDEE81700A4E235 /* MasterViewController.swift */; };
		F530DD851EDEE81800A4E235 /* Main.storyboard in Resources */ = {isa = PBXBuildFile; fileRef = F530DD831EDEE81800A4E235 /* Main.storyboard */; };
		F530DD871EDEE81800A4E235 /* Assets.xcassets in Resources */ = {isa = PBXBuildFile; fileRef = F530DD861EDEE81800A4E235 /* Assets.xcassets */; };
		F530DD8A1EDEE81800A4E235 /* LaunchScreen.storyboard in Resources */ = {isa = PBXBuildFile; fileRef = F530DD881EDEE81800A4E235 /* LaunchScreen.storyboard */; };
		F536C5281EE69F1400B3BF1C /* ActivityViewController.swift in Sources */ = {isa = PBXBuildFile; fileRef = F536C5271EE69F1400B3BF1C /* ActivityViewController.swift */; };
		F54B024E1F0D2FEE00A4B54E /* MapViewController.swift in Sources */ = {isa = PBXBuildFile; fileRef = F54B024D1F0D2FEE00A4B54E /* MapViewController.swift */; };
		F54BFDD01F00FB32008A9CAC /* DataBaseSearching.swift in Sources */ = {isa = PBXBuildFile; fileRef = F54BFDCF1F00FB32008A9CAC /* DataBaseSearching.swift */; };
		F54BFDD21F01029B008A9CAC /* EditDataBase.swift in Sources */ = {isa = PBXBuildFile; fileRef = F54BFDD11F01029B008A9CAC /* EditDataBase.swift */; };
		F5587EFA1EE1565100A363FB /* AddViewController.swift in Sources */ = {isa = PBXBuildFile; fileRef = F5587EF91EE1565100A363FB /* AddViewController.swift */; };
		F5A5051C1EEFE4B300F7D219 /* AllCommentsViewController.swift in Sources */ = {isa = PBXBuildFile; fileRef = F5A5051B1EEFE4B300F7D219 /* AllCommentsViewController.swift */; };
		F5A5051E1EEFE6C500F7D219 /* AllCommentTableViewCell.swift in Sources */ = {isa = PBXBuildFile; fileRef = F5A5051D1EEFE6C500F7D219 /* AllCommentTableViewCell.swift */; };
		F5CCB5341EDFFFAB00B0F030 /* Post.swift in Sources */ = {isa = PBXBuildFile; fileRef = F5CCB5331EDFFFAB00B0F030 /* Post.swift */; };
		F5CCB5361EE005E000B0F030 /* TableViewCell.swift in Sources */ = {isa = PBXBuildFile; fileRef = F5CCB5351EE005E000B0F030 /* TableViewCell.swift */; };
		F5CCB53B1EE0077E00B0F030 /* FetchingPosts.swift in Sources */ = {isa = PBXBuildFile; fileRef = F5CCB53A1EE0077E00B0F030 /* FetchingPosts.swift */; };
		F5DA0FE61EE56AE300E8ED97 /* PickerConfig.swift in Sources */ = {isa = PBXBuildFile; fileRef = F5DA0FE51EE56AE300E8ED97 /* PickerConfig.swift */; };
		F5DA0FE81EE57B1B00E8ED97 /* KeyboardSize.swift in Sources */ = {isa = PBXBuildFile; fileRef = F5DA0FE71EE57B1B00E8ED97 /* KeyboardSize.swift */; };
		F5DA0FEA1EE57E6900E8ED97 /* ObservKeybordView.swift in Sources */ = {isa = PBXBuildFile; fileRef = F5DA0FE91EE57E6900E8ED97 /* ObservKeybordView.swift */; };
/* End PBXBuildFile section */

/* Begin PBXFileReference section */
		2D5C8AAB5FD6D108A31AC635 /* Pods_Wooower.framework */ = {isa = PBXFileReference; explicitFileType = wrapper.framework; includeInIndex = 0; path = Pods_Wooower.framework; sourceTree = BUILT_PRODUCTS_DIR; };
		82E156DE0D59E4F679939049 /* Pods-Wooower.debug.xcconfig */ = {isa = PBXFileReference; includeInIndex = 1; lastKnownFileType = text.xcconfig; name = "Pods-Wooower.debug.xcconfig"; path = "Pods/Target Support Files/Pods-Wooower/Pods-Wooower.debug.xcconfig"; sourceTree = "<group>"; };
		DF070D1FCE628D3A1DEED4EC /* Pods-Wooower.release.xcconfig */ = {isa = PBXFileReference; includeInIndex = 1; lastKnownFileType = text.xcconfig; name = "Pods-Wooower.release.xcconfig"; path = "Pods/Target Support Files/Pods-Wooower/Pods-Wooower.release.xcconfig"; sourceTree = "<group>"; };
		F52A50A51EEA90CF00B4BA1C /* Comment.swift */ = {isa = PBXFileReference; fileEncoding = 4; lastKnownFileType = sourcecode.swift; path = Comment.swift; sourceTree = "<group>"; };
		F52A50A71EEA916C00B4BA1C /* CommentsTableViewCell.swift */ = {isa = PBXFileReference; fileEncoding = 4; lastKnownFileType = sourcecode.swift; path = CommentsTableViewCell.swift; sourceTree = "<group>"; };
		F52A50A91EEA94B700B4BA1C /* ConfigActivityView.swift */ = {isa = PBXFileReference; fileEncoding = 4; lastKnownFileType = sourcecode.swift; path = ConfigActivityView.swift; sourceTree = "<group>"; };
		F52A50AB1EEAA10800B4BA1C /* ConfigCommentView.swift */ = {isa = PBXFileReference; fileEncoding = 4; lastKnownFileType = sourcecode.swift; path = ConfigCommentView.swift; sourceTree = "<group>"; };
		F530B4FF1EF290210025D8BB /* LogInAndAddToData.swift */ = {isa = PBXFileReference; fileEncoding = 4; lastKnownFileType = sourcecode.swift; path = LogInAndAddToData.swift; sourceTree = "<group>"; };
		F530D6071F0F937700C1E2B6 /* LocationManager.swift */ = {isa = PBXFileReference; fileEncoding = 4; lastKnownFileType = sourcecode.swift; path = LocationManager.swift; sourceTree = "<group>"; };
		F530DD7C1EDEE81700A4E235 /* Wooower.app */ = {isa = PBXFileReference; explicitFileType = wrapper.application; includeInIndex = 0; path = Wooower.app; sourceTree = BUILT_PRODUCTS_DIR; };
		F530DD7F1EDEE81700A4E235 /* AppDelegate.swift */ = {isa = PBXFileReference; lastKnownFileType = sourcecode.swift; path = AppDelegate.swift; sourceTree = "<group>"; };
		F530DD811EDEE81700A4E235 /* MasterViewController.swift */ = {isa = PBXFileReference; lastKnownFileType = sourcecode.swift; path = MasterViewController.swift; sourceTree = "<group>"; };
		F530DD841EDEE81800A4E235 /* Base */ = {isa = PBXFileReference; lastKnownFileType = file.storyboard; name = Base; path = Base.lproj/Main.storyboard; sourceTree = "<group>"; };
		F530DD861EDEE81800A4E235 /* Assets.xcassets */ = {isa = PBXFileReference; lastKnownFileType = folder.assetcatalog; path = Assets.xcassets; sourceTree = "<group>"; };
		F530DD891EDEE81800A4E235 /* Base */ = {isa = PBXFileReference; lastKnownFileType = file.storyboard; name = Base; path = Base.lproj/LaunchScreen.storyboard; sourceTree = "<group>"; };
		F530DD8B1EDEE81800A4E235 /* Info.plist */ = {isa = PBXFileReference; lastKnownFileType = text.plist.xml; path = Info.plist; sourceTree = "<group>"; };
		F536C5271EE69F1400B3BF1C /* ActivityViewController.swift */ = {isa = PBXFileReference; fileEncoding = 4; lastKnownFileType = sourcecode.swift; path = ActivityViewController.swift; sourceTree = "<group>"; };
		F54B024D1F0D2FEE00A4B54E /* MapViewController.swift */ = {isa = PBXFileReference; fileEncoding = 4; lastKnownFileType = sourcecode.swift; path = MapViewController.swift; sourceTree = "<group>"; };
		F54BFDCF1F00FB32008A9CAC /* DataBaseSearching.swift */ = {isa = PBXFileReference; fileEncoding = 4; lastKnownFileType = sourcecode.swift; path = DataBaseSearching.swift; sourceTree = "<group>"; };
		F54BFDD11F01029B008A9CAC /* EditDataBase.swift */ = {isa = PBXFileReference; fileEncoding = 4; lastKnownFileType = sourcecode.swift; path = EditDataBase.swift; sourceTree = "<group>"; };
		F5587EF91EE1565100A363FB /* AddViewController.swift */ = {isa = PBXFileReference; fileEncoding = 4; lastKnownFileType = sourcecode.swift; path = AddViewController.swift; sourceTree = "<group>"; };
		F5A5051B1EEFE4B300F7D219 /* AllCommentsViewController.swift */ = {isa = PBXFileReference; fileEncoding = 4; lastKnownFileType = sourcecode.swift; path = AllCommentsViewController.swift; sourceTree = "<group>"; };
		F5A5051D1EEFE6C500F7D219 /* AllCommentTableViewCell.swift */ = {isa = PBXFileReference; fileEncoding = 4; lastKnownFileType = sourcecode.swift; path = AllCommentTableViewCell.swift; sourceTree = "<group>"; };
		F5CCB5331EDFFFAB00B0F030 /* Post.swift */ = {isa = PBXFileReference; fileEncoding = 4; lastKnownFileType = sourcecode.swift; path = Post.swift; sourceTree = "<group>"; };
		F5CCB5351EE005E000B0F030 /* TableViewCell.swift */ = {isa = PBXFileReference; fileEncoding = 4; lastKnownFileType = sourcecode.swift; path = TableViewCell.swift; sourceTree = "<group>"; };
		F5CCB53A1EE0077E00B0F030 /* FetchingPosts.swift */ = {isa = PBXFileReference; fileEncoding = 4; lastKnownFileType = sourcecode.swift; path = FetchingPosts.swift; sourceTree = "<group>"; };
		F5DA0FE51EE56AE300E8ED97 /* PickerConfig.swift */ = {isa = PBXFileReference; fileEncoding = 4; lastKnownFileType = sourcecode.swift; path = PickerConfig.swift; sourceTree = "<group>"; };
		F5DA0FE71EE57B1B00E8ED97 /* KeyboardSize.swift */ = {isa = PBXFileReference; fileEncoding = 4; lastKnownFileType = sourcecode.swift; path = KeyboardSize.swift; sourceTree = "<group>"; };
		F5DA0FE91EE57E6900E8ED97 /* ObservKeybordView.swift */ = {isa = PBXFileReference; fileEncoding = 4; lastKnownFileType = sourcecode.swift; path = ObservKeybordView.swift; sourceTree = "<group>"; };
/* End PBXFileReference section */

/* Begin PBXFrameworksBuildPhase section */
		F530DD791EDEE81700A4E235 /* Frameworks */ = {
			isa = PBXFrameworksBuildPhase;
			buildActionMask = 2147483647;
			files = (
				3A5F98D40A4ADF1818181698 /* Pods_Wooower.framework in Frameworks */,
			);
			runOnlyForDeploymentPostprocessing = 0;
		};
/* End PBXFrameworksBuildPhase section */

/* Begin PBXGroup section */
		1FFB2AF813CE74DFD677CAFA /* Frameworks */ = {
			isa = PBXGroup;
			children = (
				2D5C8AAB5FD6D108A31AC635 /* Pods_Wooower.framework */,
			);
			name = Frameworks;
			sourceTree = "<group>";
		};
		EA09DCFD553B10E26417B45A /* Pods */ = {
			isa = PBXGroup;
			children = (
				82E156DE0D59E4F679939049 /* Pods-Wooower.debug.xcconfig */,
				DF070D1FCE628D3A1DEED4EC /* Pods-Wooower.release.xcconfig */,
			);
			name = Pods;
			sourceTree = "<group>";
		};
		F530DD731EDEE81700A4E235 = {
			isa = PBXGroup;
			children = (
				F530DD7E1EDEE81700A4E235 /* Wooower */,
				F530DD7D1EDEE81700A4E235 /* Products */,
				EA09DCFD553B10E26417B45A /* Pods */,
				1FFB2AF813CE74DFD677CAFA /* Frameworks */,
			);
			sourceTree = "<group>";
		};
		F530DD7D1EDEE81700A4E235 /* Products */ = {
			isa = PBXGroup;
			children = (
				F530DD7C1EDEE81700A4E235 /* Wooower.app */,
			);
			name = Products;
			sourceTree = "<group>";
		};
		F530DD7E1EDEE81700A4E235 /* Wooower */ = {
			isa = PBXGroup;
			children = (
				F530DD831EDEE81800A4E235 /* Main.storyboard */,
				F530D6071F0F937700C1E2B6 /* LocationManager.swift */,
				F530DD7F1EDEE81700A4E235 /* AppDelegate.swift */,
				F5CCB5371EE005FF00B0F030 /* Controller */,
				F5CCB5381EE0060A00B0F030 /* View */,
				F5CCB5391EE0061000B0F030 /* Model */,
				F530DD861EDEE81800A4E235 /* Assets.xcassets */,
				F530DD881EDEE81800A4E235 /* LaunchScreen.storyboard */,
				F530DD8B1EDEE81800A4E235 /* Info.plist */,
			);
			path = Wooower;
			sourceTree = "<group>";
		};
		F5CCB5371EE005FF00B0F030 /* Controller */ = {
			isa = PBXGroup;
			children = (
				F530DD811EDEE81700A4E235 /* MasterViewController.swift */,
				F54B024D1F0D2FEE00A4B54E /* MapViewController.swift */,
				F5587EF91EE1565100A363FB /* AddViewController.swift */,
				F536C5271EE69F1400B3BF1C /* ActivityViewController.swift */,
				F5A5051B1EEFE4B300F7D219 /* AllCommentsViewController.swift */,
			);
			name = Controller;
			sourceTree = "<group>";
		};
		F5CCB5381EE0060A00B0F030 /* View */ = {
			isa = PBXGroup;
			children = (
				F5CCB5351EE005E000B0F030 /* TableViewCell.swift */,
				F52A50A71EEA916C00B4BA1C /* CommentsTableViewCell.swift */,
				F5A5051D1EEFE6C500F7D219 /* AllCommentTableViewCell.swift */,
			);
			name = View;
			sourceTree = "<group>";
		};
		F5CCB5391EE0061000B0F030 /* Model */ = {
			isa = PBXGroup;
			children = (
				F5CCB5331EDFFFAB00B0F030 /* Post.swift */,
				F52A50A51EEA90CF00B4BA1C /* Comment.swift */,
				F52A50A91EEA94B700B4BA1C /* ConfigActivityView.swift */,
				F52A50AB1EEAA10800B4BA1C /* ConfigCommentView.swift */,
				F530B4FF1EF290210025D8BB /* LogInAndAddToData.swift */,
				F54BFDCF1F00FB32008A9CAC /* DataBaseSearching.swift */,
				F54BFDD11F01029B008A9CAC /* EditDataBase.swift */,
				F5CCB53A1EE0077E00B0F030 /* FetchingPosts.swift */,
				F5DA0FE51EE56AE300E8ED97 /* PickerConfig.swift */,
				F5DA0FE71EE57B1B00E8ED97 /* KeyboardSize.swift */,
				F5DA0FE91EE57E6900E8ED97 /* ObservKeybordView.swift */,
			);
			name = Model;
			sourceTree = "<group>";
		};
/* End PBXGroup section */

/* Begin PBXNativeTarget section */
		F530DD7B1EDEE81700A4E235 /* Wooower */ = {
			isa = PBXNativeTarget;
			buildConfigurationList = F530DD8E1EDEE81800A4E235 /* Build configuration list for PBXNativeTarget "Wooower" */;
			buildPhases = (
				8BB36F98C430BB738D576A41 /* [CP] Check Pods Manifest.lock */,
				F530DD781EDEE81700A4E235 /* Sources */,
				F530DD791EDEE81700A4E235 /* Frameworks */,
				F530DD7A1EDEE81700A4E235 /* Resources */,
				DF338C82BE1AB19DA09EBBB7 /* [CP] Embed Pods Frameworks */,
				E2B156E4031CC1C52470B465 /* [CP] Copy Pods Resources */,
			);
			buildRules = (
			);
			dependencies = (
			);
			name = Wooower;
			productName = Wooower;
			productReference = F530DD7C1EDEE81700A4E235 /* Wooower.app */;
			productType = "com.apple.product-type.application";
		};
/* End PBXNativeTarget section */

/* Begin PBXProject section */
		F530DD741EDEE81700A4E235 /* Project object */ = {
			isa = PBXProject;
			attributes = {
				LastSwiftUpdateCheck = 0820;
				LastUpgradeCheck = 0820;
				ORGANIZATIONNAME = vladCh;
				TargetAttributes = {
					F530DD7B1EDEE81700A4E235 = {
						CreatedOnToolsVersion = 8.2.1;
						DevelopmentTeam = NYBC469U45;
						ProvisioningStyle = Automatic;
					};
				};
			};
			buildConfigurationList = F530DD771EDEE81700A4E235 /* Build configuration list for PBXProject "Wooower" */;
			compatibilityVersion = "Xcode 3.2";
			developmentRegion = English;
			hasScannedForEncodings = 0;
			knownRegions = (
				en,
				Base,
			);
			mainGroup = F530DD731EDEE81700A4E235;
			productRefGroup = F530DD7D1EDEE81700A4E235 /* Products */;
			projectDirPath = "";
			projectRoot = "";
			targets = (
				F530DD7B1EDEE81700A4E235 /* Wooower */,
			);
		};
/* End PBXProject section */

/* Begin PBXResourcesBuildPhase section */
		F530DD7A1EDEE81700A4E235 /* Resources */ = {
			isa = PBXResourcesBuildPhase;
			buildActionMask = 2147483647;
			files = (
				F530DD8A1EDEE81800A4E235 /* LaunchScreen.storyboard in Resources */,
				F530DD871EDEE81800A4E235 /* Assets.xcassets in Resources */,
				F530DD851EDEE81800A4E235 /* Main.storyboard in Resources */,
			);
			runOnlyForDeploymentPostprocessing = 0;
		};
/* End PBXResourcesBuildPhase section */

/* Begin PBXShellScriptBuildPhase section */
		8BB36F98C430BB738D576A41 /* [CP] Check Pods Manifest.lock */ = {
			isa = PBXShellScriptBuildPhase;
			buildActionMask = 2147483647;
			files = (
			);
			inputPaths = (
			);
			name = "[CP] Check Pods Manifest.lock";
			outputPaths = (
			);
			runOnlyForDeploymentPostprocessing = 0;
			shellPath = /bin/sh;
			shellScript = "diff \"${PODS_ROOT}/../Podfile.lock\" \"${PODS_ROOT}/Manifest.lock\" > /dev/null\nif [ $? != 0 ] ; then\n    # print error to STDERR\n    echo \"error: The sandbox is not in sync with the Podfile.lock. Run 'pod install' or update your CocoaPods installation.\" >&2\n    exit 1\nfi\n";
			showEnvVarsInLog = 0;
		};
		DF338C82BE1AB19DA09EBBB7 /* [CP] Embed Pods Frameworks */ = {
			isa = PBXShellScriptBuildPhase;
			buildActionMask = 2147483647;
			files = (
			);
			inputPaths = (
			);
			name = "[CP] Embed Pods Frameworks";
			outputPaths = (
			);
			runOnlyForDeploymentPostprocessing = 0;
			shellPath = /bin/sh;
			shellScript = "\"${SRCROOT}/Pods/Target Support Files/Pods-Wooower/Pods-Wooower-frameworks.sh\"\n";
			showEnvVarsInLog = 0;
		};
		E2B156E4031CC1C52470B465 /* [CP] Copy Pods Resources */ = {
			isa = PBXShellScriptBuildPhase;
			buildActionMask = 2147483647;
			files = (
			);
			inputPaths = (
			);
			name = "[CP] Copy Pods Resources";
			outputPaths = (
			);
			runOnlyForDeploymentPostprocessing = 0;
			shellPath = /bin/sh;
			shellScript = "\"${SRCROOT}/Pods/Target Support Files/Pods-Wooower/Pods-Wooower-resources.sh\"\n";
			showEnvVarsInLog = 0;
		};
/* End PBXShellScriptBuildPhase section */

/* Begin PBXSourcesBuildPhase section */
		F530DD781EDEE81700A4E235 /* Sources */ = {
			isa = PBXSourcesBuildPhase;
			buildActionMask = 2147483647;
			files = (
				F5A5051C1EEFE4B300F7D219 /* AllCommentsViewController.swift in Sources */,
				F5CCB53B1EE0077E00B0F030 /* FetchingPosts.swift in Sources */,
				F5DA0FE81EE57B1B00E8ED97 /* KeyboardSize.swift in Sources */,
				F54B024E1F0D2FEE00A4B54E /* MapViewController.swift in Sources */,
				F530B5001EF290210025D8BB /* LogInAndAddToData.swift in Sources */,
				F5DA0FE61EE56AE300E8ED97 /* PickerConfig.swift in Sources */,
				F536C5281EE69F1400B3BF1C /* ActivityViewController.swift in Sources */,
				F52A50AC1EEAA10800B4BA1C /* ConfigCommentView.swift in Sources */,
				F5CCB5341EDFFFAB00B0F030 /* Post.swift in Sources */,
				F5A5051E1EEFE6C500F7D219 /* AllCommentTableViewCell.swift in Sources */,
				F5DA0FEA1EE57E6900E8ED97 /* ObservKeybordView.swift in Sources */,
				F54BFDD21F01029B008A9CAC /* EditDataBase.swift in Sources */,
				F52A50A61EEA90CF00B4BA1C /* Comment.swift in Sources */,
				F54BFDD01F00FB32008A9CAC /* DataBaseSearching.swift in Sources */,
				F5587EFA1EE1565100A363FB /* AddViewController.swift in Sources */,
				F5CCB5361EE005E000B0F030 /* TableViewCell.swift in Sources */,
				F530DD821EDEE81700A4E235 /* MasterViewController.swift in Sources */,
				F530D6081F0F937700C1E2B6 /* LocationManager.swift in Sources */,
				F52A50AA1EEA94B700B4BA1C /* ConfigActivityView.swift in Sources */,
				F530DD801EDEE81700A4E235 /* AppDelegate.swift in Sources */,
				F52A50A81EEA916C00B4BA1C /* CommentsTableViewCell.swift in Sources */,
			);
			runOnlyForDeploymentPostprocessing = 0;
		};
/* End PBXSourcesBuildPhase section */

/* Begin PBXVariantGroup section */
		F530DD831EDEE81800A4E235 /* Main.storyboard */ = {
			isa = PBXVariantGroup;
			children = (
				F530DD841EDEE81800A4E235 /* Base */,
			);
			name = Main.storyboard;
			sourceTree = "<group>";
		};
		F530DD881EDEE81800A4E235 /* LaunchScreen.storyboard */ = {
			isa = PBXVariantGroup;
			children = (
				F530DD891EDEE81800A4E235 /* Base */,
			);
			name = LaunchScreen.storyboard;
			sourceTree = "<group>";
		};
/* End PBXVariantGroup section */

/* Begin XCBuildConfiguration section */
		F530DD8C1EDEE81800A4E235 /* Debug */ = {
			isa = XCBuildConfiguration;
			buildSettings = {
				ALWAYS_SEARCH_USER_PATHS = NO;
				CLANG_ANALYZER_NONNULL = YES;
				CLANG_CXX_LANGUAGE_STANDARD = "gnu++0x";
				CLANG_CXX_LIBRARY = "libc++";
				CLANG_ENABLE_MODULES = YES;
				CLANG_ENABLE_OBJC_ARC = YES;
				CLANG_WARN_BOOL_CONVERSION = YES;
				CLANG_WARN_CONSTANT_CONVERSION = YES;
				CLANG_WARN_DIRECT_OBJC_ISA_USAGE = YES_ERROR;
				CLANG_WARN_DOCUMENTATION_COMMENTS = YES;
				CLANG_WARN_EMPTY_BODY = YES;
				CLANG_WARN_ENUM_CONVERSION = YES;
				CLANG_WARN_INFINITE_RECURSION = YES;
				CLANG_WARN_INT_CONVERSION = YES;
				CLANG_WARN_OBJC_ROOT_CLASS = YES_ERROR;
				CLANG_WARN_SUSPICIOUS_MOVE = YES;
				CLANG_WARN_UNREACHABLE_CODE = YES;
				CLANG_WARN__DUPLICATE_METHOD_MATCH = YES;
				"CODE_SIGN_IDENTITY[sdk=iphoneos*]" = "iPhone Developer";
				COPY_PHASE_STRIP = NO;
				DEBUG_INFORMATION_FORMAT = dwarf;
				ENABLE_STRICT_OBJC_MSGSEND = YES;
				ENABLE_TESTABILITY = YES;
				GCC_C_LANGUAGE_STANDARD = gnu99;
				GCC_DYNAMIC_NO_PIC = NO;
				GCC_NO_COMMON_BLOCKS = YES;
				GCC_OPTIMIZATION_LEVEL = 0;
				GCC_PREPROCESSOR_DEFINITIONS = (
					"DEBUG=1",
					"$(inherited)",
				);
				GCC_WARN_64_TO_32_BIT_CONVERSION = YES;
				GCC_WARN_ABOUT_RETURN_TYPE = YES_ERROR;
				GCC_WARN_UNDECLARED_SELECTOR = YES;
				GCC_WARN_UNINITIALIZED_AUTOS = YES_AGGRESSIVE;
				GCC_WARN_UNUSED_FUNCTION = YES;
				GCC_WARN_UNUSED_VARIABLE = YES;
				IPHONEOS_DEPLOYMENT_TARGET = 10.2;
				MTL_ENABLE_DEBUG_INFO = YES;
				ONLY_ACTIVE_ARCH = YES;
				SDKROOT = iphoneos;
				SWIFT_ACTIVE_COMPILATION_CONDITIONS = DEBUG;
				SWIFT_OPTIMIZATION_LEVEL = "-Onone";
				TARGETED_DEVICE_FAMILY = "1,2";
			};
			name = Debug;
		};
		F530DD8D1EDEE81800A4E235 /* Release */ = {
			isa = XCBuildConfiguration;
			buildSettings = {
				ALWAYS_SEARCH_USER_PATHS = NO;
				CLANG_ANALYZER_NONNULL = YES;
				CLANG_CXX_LANGUAGE_STANDARD = "gnu++0x";
				CLANG_CXX_LIBRARY = "libc++";
				CLANG_ENABLE_MODULES = YES;
				CLANG_ENABLE_OBJC_ARC = YES;
				CLANG_WARN_BOOL_CONVERSION = YES;
				CLANG_WARN_CONSTANT_CONVERSION = YES;
				CLANG_WARN_DIRECT_OBJC_ISA_USAGE = YES_ERROR;
				CLANG_WARN_DOCUMENTATION_COMMENTS = YES;
				CLANG_WARN_EMPTY_BODY = YES;
				CLANG_WARN_ENUM_CONVERSION = YES;
				CLANG_WARN_INFINITE_RECURSION = YES;
				CLANG_WARN_INT_CONVERSION = YES;
				CLANG_WARN_OBJC_ROOT_CLASS = YES_ERROR;
				CLANG_WARN_SUSPICIOUS_MOVE = YES;
				CLANG_WARN_UNREACHABLE_CODE = YES;
				CLANG_WARN__DUPLICATE_METHOD_MATCH = YES;
				"CODE_SIGN_IDENTITY[sdk=iphoneos*]" = "iPhone Developer";
				COPY_PHASE_STRIP = NO;
				DEBUG_INFORMATION_FORMAT = "dwarf-with-dsym";
				ENABLE_NS_ASSERTIONS = NO;
				ENABLE_STRICT_OBJC_MSGSEND = YES;
				GCC_C_LANGUAGE_STANDARD = gnu99;
				GCC_NO_COMMON_BLOCKS = YES;
				GCC_WARN_64_TO_32_BIT_CONVERSION = YES;
				GCC_WARN_ABOUT_RETURN_TYPE = YES_ERROR;
				GCC_WARN_UNDECLARED_SELECTOR = YES;
				GCC_WARN_UNINITIALIZED_AUTOS = YES_AGGRESSIVE;
				GCC_WARN_UNUSED_FUNCTION = YES;
				GCC_WARN_UNUSED_VARIABLE = YES;
				IPHONEOS_DEPLOYMENT_TARGET = 10.2;
				MTL_ENABLE_DEBUG_INFO = NO;
				SDKROOT = iphoneos;
				SWIFT_OPTIMIZATION_LEVEL = "-Owholemodule";
				TARGETED_DEVICE_FAMILY = "1,2";
				VALIDATE_PRODUCT = YES;
			};
			name = Release;
		};
		F530DD8F1EDEE81800A4E235 /* Debug */ = {
			isa = XCBuildConfiguration;
			baseConfigurationReference = 82E156DE0D59E4F679939049 /* Pods-Wooower.debug.xcconfig */;
			buildSettings = {
				ASSETCATALOG_COMPILER_APPICON_NAME = AppIcon;
				DEVELOPMENT_TEAM = NYBC469U45;
				INFOPLIST_FILE = Wooower/Info.plist;
				LD_RUNPATH_SEARCH_PATHS = "$(inherited) @executable_path/Frameworks";
				PRODUCT_BUNDLE_IDENTIFIER = vladCh.Wooower;
				PRODUCT_NAME = "$(TARGET_NAME)";
				SWIFT_VERSION = 3.0;
			};
			name = Debug;
		};
		F530DD901EDEE81800A4E235 /* Release */ = {
			isa = XCBuildConfiguration;
			baseConfigurationReference = DF070D1FCE628D3A1DEED4EC /* Pods-Wooower.release.xcconfig */;
			buildSettings = {
				ASSETCATALOG_COMPILER_APPICON_NAME = AppIcon;
				DEVELOPMENT_TEAM = NYBC469U45;
				INFOPLIST_FILE = Wooower/Info.plist;
				LD_RUNPATH_SEARCH_PATHS = "$(inherited) @executable_path/Frameworks";
				PRODUCT_BUNDLE_IDENTIFIER = vladCh.Wooower;
				PRODUCT_NAME = "$(TARGET_NAME)";
				SWIFT_VERSION = 3.0;
			};
			name = Release;
		};
/* End XCBuildConfiguration section */

/* Begin XCConfigurationList section */
		F530DD771EDEE81700A4E235 /* Build configuration list for PBXProject "Wooower" */ = {
			isa = XCConfigurationList;
			buildConfigurations = (
				F530DD8C1EDEE81800A4E235 /* Debug */,
				F530DD8D1EDEE81800A4E235 /* Release */,
			);
			defaultConfigurationIsVisible = 0;
			defaultConfigurationName = Release;
		};
		F530DD8E1EDEE81800A4E235 /* Build configuration list for PBXNativeTarget "Wooower" */ = {
			isa = XCConfigurationList;
			buildConfigurations = (
				F530DD8F1EDEE81800A4E235 /* Debug */,
				F530DD901EDEE81800A4E235 /* Release */,
			);
			defaultConfigurationIsVisible = 0;
			defaultConfigurationName = Release;
		};
/* End XCConfigurationList section */
	};
	rootObject = F530DD741EDEE81700A4E235 /* Project object */;
}
